<?xml version="1.0" encoding="utf-8"?>
<Project ToolsVersion="4.0" xmlns="http://schemas.microsoft.com/developer/msbuild/2003">
  <ItemGroup>
    <Filter Include="Source Files">
      <UniqueIdentifier>{4FC737F1-C7A5-4376-A066-2A32D752A2FF}</UniqueIdentifier>
      <Extensions>cpp;c;cc;cxx;c++;cppm;ixx;def;odl;idl;hpj;bat;asm;asmx</Extensions>
    </Filter>
    <Filter Include="Resource Files">
      <UniqueIdentifier>{67DA6AB6-F800-4c08-8B7A-83BB121AAD01}</UniqueIdentifier>
      <Extensions>rc;ico;cur;bmp;dlg;rc2;rct;bin;rgs;gif;jpg;jpeg;jpe;resx;tiff;tif;png;wav;mfcribbon-ms</Extensions>
    </Filter>
    <Filter Include="Precompiled Headers">
      <UniqueIdentifier>{3a3343a8-e98f-4430-a06d-052c47d79dea}</UniqueIdentifier>
    </Filter>
    <Filter Include="ImGUI Impl Sources">
      <UniqueIdentifier>{96f301b6-8773-4322-bd3e-81041b9d31ea}</UniqueIdentifier>
    </Filter>
    <Filter Include="Shader Files">
      <UniqueIdentifier>{4804031a-3e52-43d2-8498-f1b2f74cf802}</UniqueIdentifier>
    </Filter>
  </ItemGroup>
  <ItemGroup>
    <ClCompile Include="main.cpp">
      <Filter>Source Files</Filter>
    </ClCompile>
    <ClCompile Include="stdafx.cpp">
      <Filter>Precompiled Headers</Filter>
    </ClCompile>
    <ClCompile Include="imgui\imgui_impl_glfw.cpp">
      <Filter>ImGUI Impl Sources</Filter>
    </ClCompile>
    <ClCompile Include="imgui\imgui_impl_vulkan.cpp">
      <Filter>ImGUI Impl Sources</Filter>
    </ClCompile>
    <ClCompile Include="hb_application.cpp">
      <Filter>Source Files</Filter>
    </ClCompile>
  </ItemGroup>
  <ItemGroup>
    <ClInclude Include="stdafx.h">
      <Filter>Precompiled Headers</Filter>
    </ClInclude>
    <ClInclude Include="imgui\imgui_impl_glfw.h">
      <Filter>ImGUI Impl Sources</Filter>
    </ClInclude>
    <ClInclude Include="imgui\imgui_impl_vulkan.h">
      <Filter>ImGUI Impl Sources</Filter>
    </ClInclude>
    <ClInclude Include="hb_application.h" />
  </ItemGroup>
  <ItemGroup>
    <VulkanGLSLShader Include="shaders\shader.frag">
      <Filter>Shader Files</Filter>
    </VulkanGLSLShader>
    <VulkanGLSLShader Include="shaders\shader.vert">
      <Filter>Shader Files</Filter>
    </VulkanGLSLShader>
  </ItemGroup>
</Project>